# This file is autogenerated, do not edit; changes may be undone by the next 'dep ensure'.


[[projects]]
  digest = "1:d5f97fc268267ec1b61c3453058c738246fc3e746f14b1ae25161513b7367b0c"
  name = "github.com/gorilla/mux"
  packages = ["."]
  pruneopts = "UT"
  revision = "c5c6c98bc25355028a63748a498942a6398ccd22"
  version = "v1.7.1"

[[projects]]
  digest = "1:ea40c24cdbacd054a6ae9de03e62c5f252479b96c716375aace5c120d68647c8"
  name = "github.com/hashicorp/hcl"
  packages = [
    ".",
    "hcl/ast",
    "hcl/parser",
    "hcl/scanner",
    "hcl/strconv",
    "hcl/token",
    "json/parser",
    "json/scanner",
    "json/token",
  ]
  pruneopts = "UT"
  revision = "8cb6e5b959231cc1119e43259c4a608f9c51a241"
  version = "v1.0.0"

[[projects]]
  digest = "1:698444ab032d6e8528ae9171659941a2afea8003978c240e860936128e22a8c6"
  name = "github.com/openfaas/faas-provider"
  packages = [
    ".",
    "auth",
    "types",
  ]
  pruneopts = "UT"
  revision = "6a76a052deb12fd94b373c082963d8a8ad44d4d1"
  version = "0.9.0"

[solve-meta]
  analyzer-name = "dep"
  analyzer-version = 1
  input-imports = [
    "github.com/hashicorp/hcl",
    "github.com/openfaas/faas-provider",
    "github.com/openfaas/faas-provider/types",
  ]
  solver-name = "gps-cdcl"
  solver-version = 1
